
Microsoft Visual Studio Solution File, Format Version 12.00
# Visual Studio Version 17
VisualStudioVersion = 17.3.32929.385
MinimumVisualStudioVersion = 10.0.40219.1
Project("{FAE04EC0-301F-11D3-BF4B-00C04F79EFBC}") = "EmailN", "EmailN.csproj", "{FC1CAE54-48C1-4281-96F7-590E71984416}"
EndProject
Global
	GlobalSection(SolutionConfigurationPlatforms) = preSolution
		Debug|Any CPU = Debug|Any CPU
		Release|Any CPU = Release|Any CPU
	EndGlobalSection
	GlobalSection(ProjectConfigurationPlatforms) = postSolution
		{FC1CAE54-48C1-4281-96F7-590E71984416}.Debug|Any CPU.ActiveCfg = Debug|Any CPU
		{FC1CAE54-48C1-4281-96F7-590E71984416}.Debug|Any CPU.Build.0 = Debug|Any CPU
		{FC1CAE54-48C1-4281-96F7-590E71984416}.Release|Any CPU.ActiveCfg = Release|Any CPU
		{FC1CAE54-48C1-4281-96F7-590E71984416}.Release|Any CPU.Build.0 = Release|Any CPU
	EndGlobalSection
	GlobalSection(SolutionProperties) = preSolution
		HideSolutionNode = FALSE
	EndGlobalSection
	GlobalSection(ExtensibilityGlobals) = postSolution
		SolutionGuid = {8F9D86BF-AFAE-4D3E-B5BF-2389DED5B00B}
	EndGlobalSection
EndGlobal
